
Microsoft Visual Studio Solution File, Format Version 12.00
Project("{FAE04EC0-301F-11D3-BF4B-00C04F79EFBC}") = "Movies.Api", "Movies.Api\Movies.Api.csproj", "{FFE7231D-89E6-4E79-80A2-E0BE9B81148A}"
EndProject
Project("{FAE04EC0-301F-11D3-BF4B-00C04F79EFBC}") = "Movies.Application", "Movies.Application\Movies.Application.csproj", "{E9772FEF-7522-4EB1-B184-2D55E492533B}"
EndProject
Project("{FAE04EC0-301F-11D3-BF4B-00C04F79EFBC}") = "Movies.Contracts", "Movies.Contracts\Movies.Contracts.csproj", "{C893222C-0AEC-4EC5-B9B0-68F2D180460D}"
EndProject
Project("{FAE04EC0-301F-11D3-BF4B-00C04F79EFBC}") = "Identity.Api", "Identity.Api\Identity.Api.csproj", "{BCE31AD1-741C-4BB6-98BE-C24A77F60111}"
EndProject
Project("{FAE04EC0-301F-11D3-BF4B-00C04F79EFBC}") = "Movies.Api.Sdk", "Movies.Api.Sdk\Movies.Api.Sdk.csproj", "{33D34B5C-2F97-4535-A5A4-56369DB0C470}"
EndProject
Project("{FAE04EC0-301F-11D3-BF4B-00C04F79EFBC}") = "Movies.Api.Sdk.Consumer", "Movies.Api.Sdk.Consumer\Movies.Api.Sdk.Consumer.csproj", "{6899C731-2BF9-4789-BEB5-E76CCF7D60D0}"
EndProject
Global
	GlobalSection(SolutionConfigurationPlatforms) = preSolution
		Debug|Any CPU = Debug|Any CPU
		Release|Any CPU = Release|Any CPU
	EndGlobalSection
	GlobalSection(ProjectConfigurationPlatforms) = postSolution
		{FFE7231D-89E6-4E79-80A2-E0BE9B81148A}.Debug|Any CPU.ActiveCfg = Debug|Any CPU
		{FFE7231D-89E6-4E79-80A2-E0BE9B81148A}.Debug|Any CPU.Build.0 = Debug|Any CPU
		{FFE7231D-89E6-4E79-80A2-E0BE9B81148A}.Release|Any CPU.ActiveCfg = Release|Any CPU
		{FFE7231D-89E6-4E79-80A2-E0BE9B81148A}.Release|Any CPU.Build.0 = Release|Any CPU
		{E9772FEF-7522-4EB1-B184-2D55E492533B}.Debug|Any CPU.ActiveCfg = Debug|Any CPU
		{E9772FEF-7522-4EB1-B184-2D55E492533B}.Debug|Any CPU.Build.0 = Debug|Any CPU
		{E9772FEF-7522-4EB1-B184-2D55E492533B}.Release|Any CPU.ActiveCfg = Release|Any CPU
		{E9772FEF-7522-4EB1-B184-2D55E492533B}.Release|Any CPU.Build.0 = Release|Any CPU
		{C893222C-0AEC-4EC5-B9B0-68F2D180460D}.Debug|Any CPU.ActiveCfg = Debug|Any CPU
		{C893222C-0AEC-4EC5-B9B0-68F2D180460D}.Debug|Any CPU.Build.0 = Debug|Any CPU
		{C893222C-0AEC-4EC5-B9B0-68F2D180460D}.Release|Any CPU.ActiveCfg = Release|Any CPU
		{C893222C-0AEC-4EC5-B9B0-68F2D180460D}.Release|Any CPU.Build.0 = Release|Any CPU
		{BCE31AD1-741C-4BB6-98BE-C24A77F60111}.Debug|Any CPU.ActiveCfg = Debug|Any CPU
		{BCE31AD1-741C-4BB6-98BE-C24A77F60111}.Debug|Any CPU.Build.0 = Debug|Any CPU
		{BCE31AD1-741C-4BB6-98BE-C24A77F60111}.Release|Any CPU.ActiveCfg = Release|Any CPU
		{BCE31AD1-741C-4BB6-98BE-C24A77F60111}.Release|Any CPU.Build.0 = Release|Any CPU
		{33D34B5C-2F97-4535-A5A4-56369DB0C470}.Debug|Any CPU.ActiveCfg = Debug|Any CPU
		{33D34B5C-2F97-4535-A5A4-56369DB0C470}.Debug|Any CPU.Build.0 = Debug|Any CPU
		{33D34B5C-2F97-4535-A5A4-56369DB0C470}.Release|Any CPU.ActiveCfg = Release|Any CPU
		{33D34B5C-2F97-4535-A5A4-56369DB0C470}.Release|Any CPU.Build.0 = Release|Any CPU
		{6899C731-2BF9-4789-BEB5-E76CCF7D60D0}.Debug|Any CPU.ActiveCfg = Debug|Any CPU
		{6899C731-2BF9-4789-BEB5-E76CCF7D60D0}.Debug|Any CPU.Build.0 = Debug|Any CPU
		{6899C731-2BF9-4789-BEB5-E76CCF7D60D0}.Release|Any CPU.ActiveCfg = Release|Any CPU
		{6899C731-2BF9-4789-BEB5-E76CCF7D60D0}.Release|Any CPU.Build.0 = Release|Any CPU
	EndGlobalSection
EndGlobal
